
Microsoft Visual Studio Solution File, Format Version 12.00
# Visual Studio Version 16
VisualStudioVersion = 16.0.29806.167
MinimumVisualStudioVersion = 10.0.40219.1
Project("{FAE04EC0-301F-11D3-BF4B-00C04F79EFBC}") = "nuevo", "nuevo.csproj", "{2D471896-FCE6-422F-97FE-5D227A1A38DB}"
EndProject
Global
	GlobalSection(SolutionConfigurationPlatforms) = preSolution
		Debug|Any CPU = Debug|Any CPU
		Release|Any CPU = Release|Any CPU
	EndGlobalSection
	GlobalSection(ProjectConfigurationPlatforms) = postSolution
		{2D471896-FCE6-422F-97FE-5D227A1A38DB}.Debug|Any CPU.ActiveCfg = Debug|Any CPU
		{2D471896-FCE6-422F-97FE-5D227A1A38DB}.Debug|Any CPU.Build.0 = Debug|Any CPU
		{2D471896-FCE6-422F-97FE-5D227A1A38DB}.Release|Any CPU.ActiveCfg = Release|Any CPU
		{2D471896-FCE6-422F-97FE-5D227A1A38DB}.Release|Any CPU.Build.0 = Release|Any CPU
	EndGlobalSection
	GlobalSection(SolutionProperties) = preSolution
		HideSolutionNode = FALSE
	EndGlobalSection
	GlobalSection(ExtensibilityGlobals) = postSolution
		SolutionGuid = {D7D116CE-557D-4D7C-9F2A-F4C9579438EA}
	EndGlobalSection
EndGlobal
