
Microsoft Visual Studio Solution File, Format Version 12.00
# Visual Studio Version 16
VisualStudioVersion = 16.0.29728.190
MinimumVisualStudioVersion = 10.0.40219.1
Project("{FAE04EC0-301F-11D3-BF4B-00C04F79EFBC}") = "Clase1224", "Clase1224.csproj", "{40E0837D-F1F9-4CC9-BB58-781E63FF2A46}"
EndProject
Global
	GlobalSection(SolutionConfigurationPlatforms) = preSolution
		Debug|Any CPU = Debug|Any CPU
		Release|Any CPU = Release|Any CPU
	EndGlobalSection
	GlobalSection(ProjectConfigurationPlatforms) = postSolution
		{40E0837D-F1F9-4CC9-BB58-781E63FF2A46}.Debug|Any CPU.ActiveCfg = Debug|Any CPU
		{40E0837D-F1F9-4CC9-BB58-781E63FF2A46}.Debug|Any CPU.Build.0 = Debug|Any CPU
		{40E0837D-F1F9-4CC9-BB58-781E63FF2A46}.Release|Any CPU.ActiveCfg = Release|Any CPU
		{40E0837D-F1F9-4CC9-BB58-781E63FF2A46}.Release|Any CPU.Build.0 = Release|Any CPU
	EndGlobalSection
	GlobalSection(SolutionProperties) = preSolution
		HideSolutionNode = FALSE
	EndGlobalSection
	GlobalSection(ExtensibilityGlobals) = postSolution
		SolutionGuid = {BBCA1B3C-19CF-4554-A58D-9323127E9F83}
	EndGlobalSection
EndGlobal
