
Microsoft Visual Studio Solution File, Format Version 12.00
# Visual Studio Version 16
VisualStudioVersion = 16.0.29728.190
MinimumVisualStudioVersion = 10.0.40219.1
Project("{FAE04EC0-301F-11D3-BF4B-00C04F79EFBC}") = "Concade", "Concade.csproj", "{D8D45304-AC64-43AF-B4E3-656D89721103}"
EndProject
Global
	GlobalSection(SolutionConfigurationPlatforms) = preSolution
		Debug|Any CPU = Debug|Any CPU
		Release|Any CPU = Release|Any CPU
	EndGlobalSection
	GlobalSection(ProjectConfigurationPlatforms) = postSolution
		{D8D45304-AC64-43AF-B4E3-656D89721103}.Debug|Any CPU.ActiveCfg = Debug|Any CPU
		{D8D45304-AC64-43AF-B4E3-656D89721103}.Debug|Any CPU.Build.0 = Debug|Any CPU
		{D8D45304-AC64-43AF-B4E3-656D89721103}.Release|Any CPU.ActiveCfg = Release|Any CPU
		{D8D45304-AC64-43AF-B4E3-656D89721103}.Release|Any CPU.Build.0 = Release|Any CPU
	EndGlobalSection
	GlobalSection(SolutionProperties) = preSolution
		HideSolutionNode = FALSE
	EndGlobalSection
	GlobalSection(ExtensibilityGlobals) = postSolution
		SolutionGuid = {F0526C93-B811-4971-8D63-B8DEEB80A1AB}
	EndGlobalSection
EndGlobal
