
Microsoft Visual Studio Solution File, Format Version 12.00
# Visual Studio Version 16
VisualStudioVersion = 16.0.29728.190
MinimumVisualStudioVersion = 10.0.40219.1
Project("{FAE04EC0-301F-11D3-BF4B-00C04F79EFBC}") = "clase122", "clase122.csproj", "{C7B615F3-DE9C-4EB3-A6F0-CA2D78E037DE}"
EndProject
Global
	GlobalSection(SolutionConfigurationPlatforms) = preSolution
		Debug|Any CPU = Debug|Any CPU
		Release|Any CPU = Release|Any CPU
	EndGlobalSection
	GlobalSection(ProjectConfigurationPlatforms) = postSolution
		{C7B615F3-DE9C-4EB3-A6F0-CA2D78E037DE}.Debug|Any CPU.ActiveCfg = Debug|Any CPU
		{C7B615F3-DE9C-4EB3-A6F0-CA2D78E037DE}.Debug|Any CPU.Build.0 = Debug|Any CPU
		{C7B615F3-DE9C-4EB3-A6F0-CA2D78E037DE}.Release|Any CPU.ActiveCfg = Release|Any CPU
		{C7B615F3-DE9C-4EB3-A6F0-CA2D78E037DE}.Release|Any CPU.Build.0 = Release|Any CPU
	EndGlobalSection
	GlobalSection(SolutionProperties) = preSolution
		HideSolutionNode = FALSE
	EndGlobalSection
	GlobalSection(ExtensibilityGlobals) = postSolution
		SolutionGuid = {A862FE22-C4D8-4AAD-9962-F28653E81430}
	EndGlobalSection
EndGlobal
