
Microsoft Visual Studio Solution File, Format Version 12.00
# Visual Studio Version 16
VisualStudioVersion = 16.0.29728.190
MinimumVisualStudioVersion = 10.0.40219.1
Project("{FAE04EC0-301F-11D3-BF4B-00C04F79EFBC}") = "trys", "trys.csproj", "{5AF918C4-5A12-486C-9BFB-3E3692688558}"
EndProject
Global
	GlobalSection(SolutionConfigurationPlatforms) = preSolution
		Debug|Any CPU = Debug|Any CPU
		Release|Any CPU = Release|Any CPU
	EndGlobalSection
	GlobalSection(ProjectConfigurationPlatforms) = postSolution
		{5AF918C4-5A12-486C-9BFB-3E3692688558}.Debug|Any CPU.ActiveCfg = Debug|Any CPU
		{5AF918C4-5A12-486C-9BFB-3E3692688558}.Debug|Any CPU.Build.0 = Debug|Any CPU
		{5AF918C4-5A12-486C-9BFB-3E3692688558}.Release|Any CPU.ActiveCfg = Release|Any CPU
		{5AF918C4-5A12-486C-9BFB-3E3692688558}.Release|Any CPU.Build.0 = Release|Any CPU
	EndGlobalSection
	GlobalSection(SolutionProperties) = preSolution
		HideSolutionNode = FALSE
	EndGlobalSection
	GlobalSection(ExtensibilityGlobals) = postSolution
		SolutionGuid = {EE78555B-B29C-453E-A07C-01ADC3C7A016}
	EndGlobalSection
EndGlobal
